// !$*UTF8*$!
{
	archiveVersion = 1;
	classes = {
	};
	objectVersion = 50;
	objects = {

/* Begin PBXBuildFile section */
		4A60F842236D662A0024ABAE /* AppDelegate.swift in Sources */ = {isa = PBXBuildFile; fileRef = 4A60F841236D662A0024ABAE /* AppDelegate.swift */; };
		4A60F844236D662A0024ABAE /* TodoListViewController.swift in Sources */ = {isa = PBXBuildFile; fileRef = 4A60F843236D662A0024ABAE /* TodoListViewController.swift */; };
		4A60F847236D662A0024ABAE /* Main.storyboard in Resources */ = {isa = PBXBuildFile; fileRef = 4A60F845236D662A0024ABAE /* Main.storyboard */; };
		4A60F849236D662A0024ABAE /* Assets.xcassets in Resources */ = {isa = PBXBuildFile; fileRef = 4A60F848236D662A0024ABAE /* Assets.xcassets */; };
		4A60F84C236D662A0024ABAE /* LaunchScreen.storyboard in Resources */ = {isa = PBXBuildFile; fileRef = 4A60F84A236D662A0024ABAE /* LaunchScreen.storyboard */; };
		4A60F856236D898F0024ABAE /* Item.swift in Sources */ = {isa = PBXBuildFile; fileRef = 4A60F855236D898F0024ABAE /* Item.swift */; };
/* End PBXBuildFile section */

/* Begin PBXFileReference section */
		4A60F83E236D662A0024ABAE /* My Note.app */ = {isa = PBXFileReference; explicitFileType = wrapper.application; includeInIndex = 0; path = "My Note.app"; sourceTree = BUILT_PRODUCTS_DIR; };
		4A60F841236D662A0024ABAE /* AppDelegate.swift */ = {isa = PBXFileReference; lastKnownFileType = sourcecode.swift; path = AppDelegate.swift; sourceTree = "<group>"; };
		4A60F843236D662A0024ABAE /* TodoListViewController.swift */ = {isa = PBXFileReference; lastKnownFileType = sourcecode.swift; path = TodoListViewController.swift; sourceTree = "<group>"; };
		4A60F846236D662A0024ABAE /* Base */ = {isa = PBXFileReference; lastKnownFileType = file.storyboard; name = Base; path = Base.lproj/Main.storyboard; sourceTree = "<group>"; };
		4A60F848236D662A0024ABAE /* Assets.xcassets */ = {isa = PBXFileReference; lastKnownFileType = folder.assetcatalog; path = Assets.xcassets; sourceTree = "<group>"; };
		4A60F84B236D662A0024ABAE /* Base */ = {isa = PBXFileReference; lastKnownFileType = file.storyboard; name = Base; path = Base.lproj/LaunchScreen.storyboard; sourceTree = "<group>"; };
		4A60F84D236D662A0024ABAE /* Info.plist */ = {isa = PBXFileReference; lastKnownFileType = text.plist.xml; path = Info.plist; sourceTree = "<group>"; };
		4A60F855236D898F0024ABAE /* Item.swift */ = {isa = PBXFileReference; lastKnownFileType = sourcecode.swift; path = Item.swift; sourceTree = "<group>"; };
/* End PBXFileReference section */

/* Begin PBXFrameworksBuildPhase section */
		4A60F83B236D662A0024ABAE /* Frameworks */ = {
			isa = PBXFrameworksBuildPhase;
			buildActionMask = 2147483647;
			files = (
			);
			runOnlyForDeploymentPostprocessing = 0;
		};
/* End PBXFrameworksBuildPhase section */

/* Begin PBXGroup section */
		4A60F835236D662A0024ABAE = {
			isa = PBXGroup;
			children = (
				4A60F840236D662A0024ABAE /* My Note */,
				4A60F83F236D662A0024ABAE /* Products */,
			);
			sourceTree = "<group>";
		};
		4A60F83F236D662A0024ABAE /* Products */ = {
			isa = PBXGroup;
			children = (
				4A60F83E236D662A0024ABAE /* My Note.app */,
			);
			name = Products;
			sourceTree = "<group>";
		};
		4A60F840236D662A0024ABAE /* My Note */ = {
			isa = PBXGroup;
			children = (
				4A60F841236D662A0024ABAE /* AppDelegate.swift */,
				4A60F853236D89530024ABAE /* controller */,
				4A60F854236D89690024ABAE /* view */,
				4A60F858236D89C50024ABAE /* supporting files */,
				4A60F84D236D662A0024ABAE /* Info.plist */,
				4A60F857236D89990024ABAE /* model */,
			);
			path = "My Note";
			sourceTree = "<group>";
		};
		4A60F853236D89530024ABAE /* controller */ = {
			isa = PBXGroup;
			children = (
				4A60F843236D662A0024ABAE /* TodoListViewController.swift */,
			);
			path = controller;
			sourceTree = "<group>";
		};
		4A60F854236D89690024ABAE /* view */ = {
			isa = PBXGroup;
			children = (
				4A60F845236D662A0024ABAE /* Main.storyboard */,
			);
			path = view;
			sourceTree = "<group>";
		};
		4A60F857236D89990024ABAE /* model */ = {
			isa = PBXGroup;
			children = (
				4A60F855236D898F0024ABAE /* Item.swift */,
			);
			path = model;
			sourceTree = "<group>";
		};
		4A60F858236D89C50024ABAE /* supporting files */ = {
			isa = PBXGroup;
			children = (
				4A60F848236D662A0024ABAE /* Assets.xcassets */,
				4A60F84A236D662A0024ABAE /* LaunchScreen.storyboard */,
			);
			path = "supporting files";
			sourceTree = "<group>";
		};
/* End PBXGroup section */

/* Begin PBXNativeTarget section */
		4A60F83D236D662A0024ABAE /* My Note */ = {
			isa = PBXNativeTarget;
			buildConfigurationList = 4A60F850236D662A0024ABAE /* Build configuration list for PBXNativeTarget "My Note" */;
			buildPhases = (
				4A60F83A236D662A0024ABAE /* Sources */,
				4A60F83B236D662A0024ABAE /* Frameworks */,
				4A60F83C236D662A0024ABAE /* Resources */,
			);
			buildRules = (
			);
			dependencies = (
			);
			name = "My Note";
			productName = "My Note";
			productReference = 4A60F83E236D662A0024ABAE /* My Note.app */;
			productType = "com.apple.product-type.application";
		};
/* End PBXNativeTarget section */

/* Begin PBXProject section */
		4A60F836236D662A0024ABAE /* Project object */ = {
			isa = PBXProject;
			attributes = {
				LastSwiftUpdateCheck = 1020;
				LastUpgradeCheck = 1020;
				ORGANIZATIONNAME = Fathi;
				TargetAttributes = {
					4A60F83D236D662A0024ABAE = {
						CreatedOnToolsVersion = 10.2.1;
					};
				};
			};
			buildConfigurationList = 4A60F839236D662A0024ABAE /* Build configuration list for PBXProject "My Note" */;
			compatibilityVersion = "Xcode 9.3";
			developmentRegion = en;
			hasScannedForEncodings = 0;
			knownRegions = (
				en,
				Base,
			);
			mainGroup = 4A60F835236D662A0024ABAE;
			productRefGroup = 4A60F83F236D662A0024ABAE /* Products */;
			projectDirPath = "";
			projectRoot = "";
			targets = (
				4A60F83D236D662A0024ABAE /* My Note */,
			);
		};
/* End PBXProject section */

/* Begin PBXResourcesBuildPhase section */
		4A60F83C236D662A0024ABAE /* Resources */ = {
			isa = PBXResourcesBuildPhase;
			buildActionMask = 2147483647;
			files = (
				4A60F84C236D662A0024ABAE /* LaunchScreen.storyboard in Resources */,
				4A60F849236D662A0024ABAE /* Assets.xcassets in Resources */,
				4A60F847236D662A0024ABAE /* Main.storyboard in Resources */,
			);
			runOnlyForDeploymentPostprocessing = 0;
		};
/* End PBXResourcesBuildPhase section */

/* Begin PBXSourcesBuildPhase section */
		4A60F83A236D662A0024ABAE /* Sources */ = {
			isa = PBXSourcesBuildPhase;
			buildActionMask = 2147483647;
			files = (
				4A60F844236D662A0024ABAE /* TodoListViewController.swift in Sources */,
				4A60F856236D898F0024ABAE /* Item.swift in Sources */,
				4A60F842236D662A0024ABAE /* AppDelegate.swift in Sources */,
			);
			runOnlyForDeploymentPostprocessing = 0;
		};
/* End PBXSourcesBuildPhase section */

/* Begin PBXVariantGroup section */
		4A60F845236D662A0024ABAE /* Main.storyboard */ = {
			isa = PBXVariantGroup;
			children = (
				4A60F846236D662A0024ABAE /* Base */,
			);
			name = Main.storyboard;
			sourceTree = "<group>";
		};
		4A60F84A236D662A0024ABAE /* LaunchScreen.storyboard */ = {
			isa = PBXVariantGroup;
			children = (
				4A60F84B236D662A0024ABAE /* Base */,
			);
			name = LaunchScreen.storyboard;
			sourceTree = "<group>";
		};
/* End PBXVariantGroup section */

/* Begin XCBuildConfiguration section */
		4A60F84E236D662A0024ABAE /* Debug */ = {
			isa = XCBuildConfiguration;
			buildSettings = {
				ALWAYS_SEARCH_USER_PATHS = NO;
				CLANG_ANALYZER_NONNULL = YES;
				CLANG_ANALYZER_NUMBER_OBJECT_CONVERSION = YES_AGGRESSIVE;
				CLANG_CXX_LANGUAGE_STANDARD = "gnu++14";
				CLANG_CXX_LIBRARY = "libc++";
				CLANG_ENABLE_MODULES = YES;
				CLANG_ENABLE_OBJC_ARC = YES;
				CLANG_ENABLE_OBJC_WEAK = YES;
				CLANG_WARN_BLOCK_CAPTURE_AUTORELEASING = YES;
				CLANG_WARN_BOOL_CONVERSION = YES;
				CLANG_WARN_COMMA = YES;
				CLANG_WARN_CONSTANT_CONVERSION = YES;
				CLANG_WARN_DEPRECATED_OBJC_IMPLEMENTATIONS = YES;
				CLANG_WARN_DIRECT_OBJC_ISA_USAGE = YES_ERROR;
				CLANG_WARN_DOCUMENTATION_COMMENTS = YES;
				CLANG_WARN_EMPTY_BODY = YES;
				CLANG_WARN_ENUM_CONVERSION = YES;
				CLANG_WARN_INFINITE_RECURSION = YES;
				CLANG_WARN_INT_CONVERSION = YES;
				CLANG_WARN_NON_LITERAL_NULL_CONVERSION = YES;
				CLANG_WARN_OBJC_IMPLICIT_RETAIN_SELF = YES;
				CLANG_WARN_OBJC_LITERAL_CONVERSION = YES;
				CLANG_WARN_OBJC_ROOT_CLASS = YES_ERROR;
				CLANG_WARN_RANGE_LOOP_ANALYSIS = YES;
				CLANG_WARN_STRICT_PROTOTYPES = YES;
				CLANG_WARN_SUSPICIOUS_MOVE = YES;
				CLANG_WARN_UNGUARDED_AVAILABILITY = YES_AGGRESSIVE;
				CLANG_WARN_UNREACHABLE_CODE = YES;
				CLANG_WARN__DUPLICATE_METHOD_MATCH = YES;
				CODE_SIGN_IDENTITY = "iPhone Developer";
				COPY_PHASE_STRIP = NO;
				DEBUG_INFORMATION_FORMAT = dwarf;
				ENABLE_STRICT_OBJC_MSGSEND = YES;
				ENABLE_TESTABILITY = YES;
				GCC_C_LANGUAGE_STANDARD = gnu11;
				GCC_DYNAMIC_NO_PIC = NO;
				GCC_NO_COMMON_BLOCKS = YES;
				GCC_OPTIMIZATION_LEVEL = 0;
				GCC_PREPROCESSOR_DEFINITIONS = (
					"DEBUG=1",
					"$(inherited)",
				);
				GCC_WARN_64_TO_32_BIT_CONVERSION = YES;
				GCC_WARN_ABOUT_RETURN_TYPE = YES_ERROR;
				GCC_WARN_UNDECLARED_SELECTOR = YES;
				GCC_WARN_UNINITIALIZED_AUTOS = YES_AGGRESSIVE;
				GCC_WARN_UNUSED_FUNCTION = YES;
				GCC_WARN_UNUSED_VARIABLE = YES;
				IPHONEOS_DEPLOYMENT_TARGET = 12.2;
				MTL_ENABLE_DEBUG_INFO = INCLUDE_SOURCE;
				MTL_FAST_MATH = YES;
				ONLY_ACTIVE_ARCH = YES;
				SDKROOT = iphoneos;
				SWIFT_ACTIVE_COMPILATION_CONDITIONS = DEBUG;
				SWIFT_OPTIMIZATION_LEVEL = "-Onone";
			};
			name = Debug;
		};
		4A60F84F236D662A0024ABAE /* Release */ = {
			isa = XCBuildConfiguration;
			buildSettings = {
				ALWAYS_SEARCH_USER_PATHS = NO;
				CLANG_ANALYZER_NONNULL = YES;
				CLANG_ANALYZER_NUMBER_OBJECT_CONVERSION = YES_AGGRESSIVE;
				CLANG_CXX_LANGUAGE_STANDARD = "gnu++14";
				CLANG_CXX_LIBRARY = "libc++";
				CLANG_ENABLE_MODULES = YES;
				CLANG_ENABLE_OBJC_ARC = YES;
				CLANG_ENABLE_OBJC_WEAK = YES;
				CLANG_WARN_BLOCK_CAPTURE_AUTORELEASING = YES;
				CLANG_WARN_BOOL_CONVERSION = YES;
				CLANG_WARN_COMMA = YES;
				CLANG_WARN_CONSTANT_CONVERSION = YES;
				CLANG_WARN_DEPRECATED_OBJC_IMPLEMENTATIONS = YES;
				CLANG_WARN_DIRECT_OBJC_ISA_USAGE = YES_ERROR;
				CLANG_WARN_DOCUMENTATION_COMMENTS = YES;
				CLANG_WARN_EMPTY_BODY = YES;
				CLANG_WARN_ENUM_CONVERSION = YES;
				CLANG_WARN_INFINITE_RECURSION = YES;
				CLANG_WARN_INT_CONVERSION = YES;
				CLANG_WARN_NON_LITERAL_NULL_CONVERSION = YES;
				CLANG_WARN_OBJC_IMPLICIT_RETAIN_SELF = YES;
				CLANG_WARN_OBJC_LITERAL_CONVERSION = YES;
				CLANG_WARN_OBJC_ROOT_CLASS = YES_ERROR;
				CLANG_WARN_RANGE_LOOP_ANALYSIS = YES;
				CLANG_WARN_STRICT_PROTOTYPES = YES;
				CLANG_WARN_SUSPICIOUS_MOVE = YES;
				CLANG_WARN_UNGUARDED_AVAILABILITY = YES_AGGRESSIVE;
				CLANG_WARN_UNREACHABLE_CODE = YES;
				CLANG_WARN__DUPLICATE_METHOD_MATCH = YES;
				CODE_SIGN_IDENTITY = "iPhone Developer";
				COPY_PHASE_STRIP = NO;
				DEBUG_INFORMATION_FORMAT = "dwarf-with-dsym";
				ENABLE_NS_ASSERTIONS = NO;
				ENABLE_STRICT_OBJC_MSGSEND = YES;
				GCC_C_LANGUAGE_STANDARD = gnu11;
				GCC_NO_COMMON_BLOCKS = YES;
				GCC_WARN_64_TO_32_BIT_CONVERSION = YES;
				GCC_WARN_ABOUT_RETURN_TYPE = YES_ERROR;
				GCC_WARN_UNDECLARED_SELECTOR = YES;
				GCC_WARN_UNINITIALIZED_AUTOS = YES_AGGRESSIVE;
				GCC_WARN_UNUSED_FUNCTION = YES;
				GCC_WARN_UNUSED_VARIABLE = YES;
				IPHONEOS_DEPLOYMENT_TARGET = 12.2;
				MTL_ENABLE_DEBUG_INFO = NO;
				MTL_FAST_MATH = YES;
				SDKROOT = iphoneos;
				SWIFT_COMPILATION_MODE = wholemodule;
				SWIFT_OPTIMIZATION_LEVEL = "-O";
				VALIDATE_PRODUCT = YES;
			};
			name = Release;
		};
		4A60F851236D662A0024ABAE /* Debug */ = {
			isa = XCBuildConfiguration;
			buildSettings = {
				ASSETCATALOG_COMPILER_APPICON_NAME = AppIcon;
				CODE_SIGN_STYLE = Automatic;
				INFOPLIST_FILE = "My Note/Info.plist";
				LD_RUNPATH_SEARCH_PATHS = (
					"$(inherited)",
					"@executable_path/Frameworks",
				);
				PRODUCT_BUNDLE_IDENTIFIER = "com.fathi.My-Note";
				PRODUCT_NAME = "$(TARGET_NAME)";
				SWIFT_VERSION = 5.0;
				TARGETED_DEVICE_FAMILY = "1,2";
			};
			name = Debug;
		};
		4A60F852236D662A0024ABAE /* Release */ = {
			isa = XCBuildConfiguration;
			buildSettings = {
				ASSETCATALOG_COMPILER_APPICON_NAME = AppIcon;
				CODE_SIGN_STYLE = Automatic;
				INFOPLIST_FILE = "My Note/Info.plist";
				LD_RUNPATH_SEARCH_PATHS = (
					"$(inherited)",
					"@executable_path/Frameworks",
				);
				PRODUCT_BUNDLE_IDENTIFIER = "com.fathi.My-Note";
				PRODUCT_NAME = "$(TARGET_NAME)";
				SWIFT_VERSION = 5.0;
				TARGETED_DEVICE_FAMILY = "1,2";
			};
			name = Release;
		};
/* End XCBuildConfiguration section */

/* Begin XCConfigurationList section */
		4A60F839236D662A0024ABAE /* Build configuration list for PBXProject "My Note" */ = {
			isa = XCConfigurationList;
			buildConfigurations = (
				4A60F84E236D662A0024ABAE /* Debug */,
				4A60F84F236D662A0024ABAE /* Release */,
			);
			defaultConfigurationIsVisible = 0;
			defaultConfigurationName = Release;
		};
		4A60F850236D662A0024ABAE /* Build configuration list for PBXNativeTarget "My Note" */ = {
			isa = XCConfigurationList;
			buildConfigurations = (
				4A60F851236D662A0024ABAE /* Debug */,
				4A60F852236D662A0024ABAE /* Release */,
			);
			defaultConfigurationIsVisible = 0;
			defaultConfigurationName = Release;
		};
/* End XCConfigurationList section */
	};
	rootObject = 4A60F836236D662A0024ABAE /* Project object */;
}
